
Microsoft Visual Studio Solution File, Format Version 12.00
# Visual Studio Version 17
VisualStudioVersion = 17.6.33815.320
MinimumVisualStudioVersion = 10.0.40219.1
Project("{FAE04EC0-301F-11D3-BF4B-00C04F79EFBC}") = "WebApplication1", "WebApplication1.csproj", "{C48C47B8-02C6-46BC-86E7-F56F496372DE}"
EndProject
Global
	GlobalSection(SolutionConfigurationPlatforms) = preSolution
		Debug|Any CPU = Debug|Any CPU
		Release|Any CPU = Release|Any CPU
	EndGlobalSection
	GlobalSection(ProjectConfigurationPlatforms) = postSolution
		{C48C47B8-02C6-46BC-86E7-F56F496372DE}.Debug|Any CPU.ActiveCfg = Debug|Any CPU
		{C48C47B8-02C6-46BC-86E7-F56F496372DE}.Debug|Any CPU.Build.0 = Debug|Any CPU
		{C48C47B8-02C6-46BC-86E7-F56F496372DE}.Release|Any CPU.ActiveCfg = Release|Any CPU
		{C48C47B8-02C6-46BC-86E7-F56F496372DE}.Release|Any CPU.Build.0 = Release|Any CPU
	EndGlobalSection
	GlobalSection(SolutionProperties) = preSolution
		HideSolutionNode = FALSE
	EndGlobalSection
	GlobalSection(ExtensibilityGlobals) = postSolution
		SolutionGuid = {5C122044-DFAD-48CE-B94F-B9988BF8DAA2}
	EndGlobalSection
EndGlobal
